
Microsoft Visual Studio Solution File, Format Version 12.00
# Visual Studio 15
VisualStudioVersion = 15.0.28010.2041
MinimumVisualStudioVersion = 10.0.40219.1
Project("{FAE04EC0-301F-11D3-BF4B-00C04F79EFBC}") = "LoopTask4.3", "LoopTask4.3\LoopTask4.3.csproj", "{DC0848A8-4DA7-4CD6-9738-18794E4ABAF1}"
EndProject
Global
	GlobalSection(SolutionConfigurationPlatforms) = preSolution
		Debug|Any CPU = Debug|Any CPU
		Release|Any CPU = Release|Any CPU
	EndGlobalSection
	GlobalSection(ProjectConfigurationPlatforms) = postSolution
		{DC0848A8-4DA7-4CD6-9738-18794E4ABAF1}.Debug|Any CPU.ActiveCfg = Debug|Any CPU
		{DC0848A8-4DA7-4CD6-9738-18794E4ABAF1}.Debug|Any CPU.Build.0 = Debug|Any CPU
		{DC0848A8-4DA7-4CD6-9738-18794E4ABAF1}.Release|Any CPU.ActiveCfg = Release|Any CPU
		{DC0848A8-4DA7-4CD6-9738-18794E4ABAF1}.Release|Any CPU.Build.0 = Release|Any CPU
	EndGlobalSection
	GlobalSection(SolutionProperties) = preSolution
		HideSolutionNode = FALSE
	EndGlobalSection
	GlobalSection(ExtensibilityGlobals) = postSolution
		SolutionGuid = {0DD7FDCF-294F-4E93-9B74-A91A58608422}
	EndGlobalSection
EndGlobal
