
Microsoft Visual Studio Solution File, Format Version 12.00
# Visual Studio 15
VisualStudioVersion = 15.0.28010.2041
MinimumVisualStudioVersion = 10.0.40219.1
Project("{FAE04EC0-301F-11D3-BF4B-00C04F79EFBC}") = "FunctionTask3", "FunctionTask3\FunctionTask3.csproj", "{DB49C5A0-CE59-4412-B2FD-57BE58386326}"
EndProject
Global
	GlobalSection(SolutionConfigurationPlatforms) = preSolution
		Debug|Any CPU = Debug|Any CPU
		Release|Any CPU = Release|Any CPU
	EndGlobalSection
	GlobalSection(ProjectConfigurationPlatforms) = postSolution
		{DB49C5A0-CE59-4412-B2FD-57BE58386326}.Debug|Any CPU.ActiveCfg = Debug|Any CPU
		{DB49C5A0-CE59-4412-B2FD-57BE58386326}.Debug|Any CPU.Build.0 = Debug|Any CPU
		{DB49C5A0-CE59-4412-B2FD-57BE58386326}.Release|Any CPU.ActiveCfg = Release|Any CPU
		{DB49C5A0-CE59-4412-B2FD-57BE58386326}.Release|Any CPU.Build.0 = Release|Any CPU
	EndGlobalSection
	GlobalSection(SolutionProperties) = preSolution
		HideSolutionNode = FALSE
	EndGlobalSection
	GlobalSection(ExtensibilityGlobals) = postSolution
		SolutionGuid = {78736725-3E9E-4179-A309-F1A3784E0C49}
	EndGlobalSection
EndGlobal
