
Microsoft Visual Studio Solution File, Format Version 12.00
# Visual Studio 15
VisualStudioVersion = 15.0.28010.2016
MinimumVisualStudioVersion = 10.0.40219.1
Project("{FAE04EC0-301F-11D3-BF4B-00C04F79EFBC}") = "IfTask3", "IfTask3\IfTask3.csproj", "{575FBDEF-EA13-4723-A58F-1E25BF3C2C0F}"
EndProject
Global
	GlobalSection(SolutionConfigurationPlatforms) = preSolution
		Debug|Any CPU = Debug|Any CPU
		Release|Any CPU = Release|Any CPU
	EndGlobalSection
	GlobalSection(ProjectConfigurationPlatforms) = postSolution
		{575FBDEF-EA13-4723-A58F-1E25BF3C2C0F}.Debug|Any CPU.ActiveCfg = Debug|Any CPU
		{575FBDEF-EA13-4723-A58F-1E25BF3C2C0F}.Debug|Any CPU.Build.0 = Debug|Any CPU
		{575FBDEF-EA13-4723-A58F-1E25BF3C2C0F}.Release|Any CPU.ActiveCfg = Release|Any CPU
		{575FBDEF-EA13-4723-A58F-1E25BF3C2C0F}.Release|Any CPU.Build.0 = Release|Any CPU
	EndGlobalSection
	GlobalSection(SolutionProperties) = preSolution
		HideSolutionNode = FALSE
	EndGlobalSection
	GlobalSection(ExtensibilityGlobals) = postSolution
		SolutionGuid = {F39F28BB-88A7-4765-9AE5-E191F3A02FC0}
	EndGlobalSection
EndGlobal
