
Microsoft Visual Studio Solution File, Format Version 12.00
# Visual Studio 15
VisualStudioVersion = 15.0.28010.2046
MinimumVisualStudioVersion = 10.0.40219.1
Project("{FAE04EC0-301F-11D3-BF4B-00C04F79EFBC}") = "String-task1.2", "String-task1.2\String-task1.2.csproj", "{1148DBB8-684E-4D1E-A946-A168C58C3CC9}"
EndProject
Global
	GlobalSection(SolutionConfigurationPlatforms) = preSolution
		Debug|Any CPU = Debug|Any CPU
		Release|Any CPU = Release|Any CPU
	EndGlobalSection
	GlobalSection(ProjectConfigurationPlatforms) = postSolution
		{1148DBB8-684E-4D1E-A946-A168C58C3CC9}.Debug|Any CPU.ActiveCfg = Debug|Any CPU
		{1148DBB8-684E-4D1E-A946-A168C58C3CC9}.Debug|Any CPU.Build.0 = Debug|Any CPU
		{1148DBB8-684E-4D1E-A946-A168C58C3CC9}.Release|Any CPU.ActiveCfg = Release|Any CPU
		{1148DBB8-684E-4D1E-A946-A168C58C3CC9}.Release|Any CPU.Build.0 = Release|Any CPU
	EndGlobalSection
	GlobalSection(SolutionProperties) = preSolution
		HideSolutionNode = FALSE
	EndGlobalSection
	GlobalSection(ExtensibilityGlobals) = postSolution
		SolutionGuid = {E8D91455-23FC-4C56-8A19-67DC5B663AF5}
	EndGlobalSection
EndGlobal
