
Microsoft Visual Studio Solution File, Format Version 12.00
# Visual Studio 15
VisualStudioVersion = 15.0.28010.2046
MinimumVisualStudioVersion = 10.0.40219.1
Project("{FAE04EC0-301F-11D3-BF4B-00C04F79EFBC}") = "Self-assessment-task3", "Self-assessment-task3\Self-assessment-task3.csproj", "{8EC219A9-7F68-409E-9881-EDB791736BDE}"
EndProject
Global
	GlobalSection(SolutionConfigurationPlatforms) = preSolution
		Debug|Any CPU = Debug|Any CPU
		Release|Any CPU = Release|Any CPU
	EndGlobalSection
	GlobalSection(ProjectConfigurationPlatforms) = postSolution
		{8EC219A9-7F68-409E-9881-EDB791736BDE}.Debug|Any CPU.ActiveCfg = Debug|Any CPU
		{8EC219A9-7F68-409E-9881-EDB791736BDE}.Debug|Any CPU.Build.0 = Debug|Any CPU
		{8EC219A9-7F68-409E-9881-EDB791736BDE}.Release|Any CPU.ActiveCfg = Release|Any CPU
		{8EC219A9-7F68-409E-9881-EDB791736BDE}.Release|Any CPU.Build.0 = Release|Any CPU
	EndGlobalSection
	GlobalSection(SolutionProperties) = preSolution
		HideSolutionNode = FALSE
	EndGlobalSection
	GlobalSection(ExtensibilityGlobals) = postSolution
		SolutionGuid = {43F31BCF-7739-4739-AFB2-BFFABE74A95D}
	EndGlobalSection
EndGlobal
