
Microsoft Visual Studio Solution File, Format Version 12.00
# Visual Studio 15
VisualStudioVersion = 15.0.28010.2046
MinimumVisualStudioVersion = 10.0.40219.1
Project("{FAE04EC0-301F-11D3-BF4B-00C04F79EFBC}") = "String task 1.3", "String task 1.3\String task 1.3.csproj", "{E901CE5F-60D6-4F40-B5EC-C956CE3B49FD}"
EndProject
Global
	GlobalSection(SolutionConfigurationPlatforms) = preSolution
		Debug|Any CPU = Debug|Any CPU
		Release|Any CPU = Release|Any CPU
	EndGlobalSection
	GlobalSection(ProjectConfigurationPlatforms) = postSolution
		{E901CE5F-60D6-4F40-B5EC-C956CE3B49FD}.Debug|Any CPU.ActiveCfg = Debug|Any CPU
		{E901CE5F-60D6-4F40-B5EC-C956CE3B49FD}.Debug|Any CPU.Build.0 = Debug|Any CPU
		{E901CE5F-60D6-4F40-B5EC-C956CE3B49FD}.Release|Any CPU.ActiveCfg = Release|Any CPU
		{E901CE5F-60D6-4F40-B5EC-C956CE3B49FD}.Release|Any CPU.Build.0 = Release|Any CPU
	EndGlobalSection
	GlobalSection(SolutionProperties) = preSolution
		HideSolutionNode = FALSE
	EndGlobalSection
	GlobalSection(ExtensibilityGlobals) = postSolution
		SolutionGuid = {47CE60F4-2DB0-4B60-BCAB-71A59683FA84}
	EndGlobalSection
EndGlobal
