
Microsoft Visual Studio Solution File, Format Version 12.00
# Visual Studio 15
VisualStudioVersion = 15.0.28010.2046
MinimumVisualStudioVersion = 10.0.40219.1
Project("{FAE04EC0-301F-11D3-BF4B-00C04F79EFBC}") = "ArrayTask3", "ArrayTask3\ArrayTask3.csproj", "{FBF2A394-ED98-4AC0-AC14-9A28413CE07B}"
EndProject
Global
	GlobalSection(SolutionConfigurationPlatforms) = preSolution
		Debug|Any CPU = Debug|Any CPU
		Release|Any CPU = Release|Any CPU
	EndGlobalSection
	GlobalSection(ProjectConfigurationPlatforms) = postSolution
		{FBF2A394-ED98-4AC0-AC14-9A28413CE07B}.Debug|Any CPU.ActiveCfg = Debug|Any CPU
		{FBF2A394-ED98-4AC0-AC14-9A28413CE07B}.Debug|Any CPU.Build.0 = Debug|Any CPU
		{FBF2A394-ED98-4AC0-AC14-9A28413CE07B}.Release|Any CPU.ActiveCfg = Release|Any CPU
		{FBF2A394-ED98-4AC0-AC14-9A28413CE07B}.Release|Any CPU.Build.0 = Release|Any CPU
	EndGlobalSection
	GlobalSection(SolutionProperties) = preSolution
		HideSolutionNode = FALSE
	EndGlobalSection
	GlobalSection(ExtensibilityGlobals) = postSolution
		SolutionGuid = {1F8B390A-A23A-446C-820C-1DED04DE5DAC}
	EndGlobalSection
EndGlobal
