
Microsoft Visual Studio Solution File, Format Version 12.00
# Visual Studio 15
VisualStudioVersion = 15.0.28010.2041
MinimumVisualStudioVersion = 10.0.40219.1
Project("{FAE04EC0-301F-11D3-BF4B-00C04F79EFBC}") = "LoopTask4.4", "LoopTask4.4\LoopTask4.4.csproj", "{A286AF90-7070-4177-8F76-F52D55E802A6}"
EndProject
Global
	GlobalSection(SolutionConfigurationPlatforms) = preSolution
		Debug|Any CPU = Debug|Any CPU
		Release|Any CPU = Release|Any CPU
	EndGlobalSection
	GlobalSection(ProjectConfigurationPlatforms) = postSolution
		{A286AF90-7070-4177-8F76-F52D55E802A6}.Debug|Any CPU.ActiveCfg = Debug|Any CPU
		{A286AF90-7070-4177-8F76-F52D55E802A6}.Debug|Any CPU.Build.0 = Debug|Any CPU
		{A286AF90-7070-4177-8F76-F52D55E802A6}.Release|Any CPU.ActiveCfg = Release|Any CPU
		{A286AF90-7070-4177-8F76-F52D55E802A6}.Release|Any CPU.Build.0 = Release|Any CPU
	EndGlobalSection
	GlobalSection(SolutionProperties) = preSolution
		HideSolutionNode = FALSE
	EndGlobalSection
	GlobalSection(ExtensibilityGlobals) = postSolution
		SolutionGuid = {90449EA6-EF1D-4A88-8DF5-8952C0D6F8D7}
	EndGlobalSection
EndGlobal
