
Microsoft Visual Studio Solution File, Format Version 12.00
# Visual Studio 15
VisualStudioVersion = 15.0.28010.2046
MinimumVisualStudioVersion = 10.0.40219.1
Project("{FAE04EC0-301F-11D3-BF4B-00C04F79EFBC}") = "ArrayTask5", "ArrayTask5\ArrayTask5.csproj", "{53105F85-BADC-4916-B413-84E4B70E984A}"
EndProject
Global
	GlobalSection(SolutionConfigurationPlatforms) = preSolution
		Debug|Any CPU = Debug|Any CPU
		Release|Any CPU = Release|Any CPU
	EndGlobalSection
	GlobalSection(ProjectConfigurationPlatforms) = postSolution
		{53105F85-BADC-4916-B413-84E4B70E984A}.Debug|Any CPU.ActiveCfg = Debug|Any CPU
		{53105F85-BADC-4916-B413-84E4B70E984A}.Debug|Any CPU.Build.0 = Debug|Any CPU
		{53105F85-BADC-4916-B413-84E4B70E984A}.Release|Any CPU.ActiveCfg = Release|Any CPU
		{53105F85-BADC-4916-B413-84E4B70E984A}.Release|Any CPU.Build.0 = Release|Any CPU
	EndGlobalSection
	GlobalSection(SolutionProperties) = preSolution
		HideSolutionNode = FALSE
	EndGlobalSection
	GlobalSection(ExtensibilityGlobals) = postSolution
		SolutionGuid = {E5F3EC36-11EC-4DA8-81FE-805D4F64A12E}
	EndGlobalSection
EndGlobal
